
Microsoft Visual Studio Solution File, Format Version 12.00
# Visual Studio Version 17
VisualStudioVersion = 17.8.34525.116
MinimumVisualStudioVersion = 10.0.40219.1
Project("{FAE04EC0-301F-11D3-BF4B-00C04F79EFBC}") = "FunctionAppTest", "FunctionAppTest.csproj", "{4F363F2E-F8E0-4562-A011-09AD454BF949}"
EndProject
Project("{FAE04EC0-301F-11D3-BF4B-00C04F79EFBC}") = "FunctionAppTest.Entity", "..\FunctionAppTest.Entity\FunctionAppTest.Entity.csproj", "{94847DCA-74E5-4CF0-B63F-215092FAB0BD}"
EndProject
Project("{FAE04EC0-301F-11D3-BF4B-00C04F79EFBC}") = "FunctionAppTest.Tests", "..\FunctionAppTest.Tests\FunctionAppTest.Tests.csproj", "{A5BA34D9-111E-482B-9E23-0E85A3050655}"
EndProject
Global
	GlobalSection(SolutionConfigurationPlatforms) = preSolution
		Debug|Any CPU = Debug|Any CPU
		Release|Any CPU = Release|Any CPU
	EndGlobalSection
	GlobalSection(ProjectConfigurationPlatforms) = postSolution
		{4F363F2E-F8E0-4562-A011-09AD454BF949}.Debug|Any CPU.ActiveCfg = Debug|Any CPU
		{4F363F2E-F8E0-4562-A011-09AD454BF949}.Debug|Any CPU.Build.0 = Debug|Any CPU
		{4F363F2E-F8E0-4562-A011-09AD454BF949}.Release|Any CPU.ActiveCfg = Release|Any CPU
		{4F363F2E-F8E0-4562-A011-09AD454BF949}.Release|Any CPU.Build.0 = Release|Any CPU
		{94847DCA-74E5-4CF0-B63F-215092FAB0BD}.Debug|Any CPU.ActiveCfg = Debug|Any CPU
		{94847DCA-74E5-4CF0-B63F-215092FAB0BD}.Debug|Any CPU.Build.0 = Debug|Any CPU
		{94847DCA-74E5-4CF0-B63F-215092FAB0BD}.Release|Any CPU.ActiveCfg = Release|Any CPU
		{94847DCA-74E5-4CF0-B63F-215092FAB0BD}.Release|Any CPU.Build.0 = Release|Any CPU
		{A5BA34D9-111E-482B-9E23-0E85A3050655}.Debug|Any CPU.ActiveCfg = Debug|Any CPU
		{A5BA34D9-111E-482B-9E23-0E85A3050655}.Debug|Any CPU.Build.0 = Debug|Any CPU
		{A5BA34D9-111E-482B-9E23-0E85A3050655}.Release|Any CPU.ActiveCfg = Release|Any CPU
		{A5BA34D9-111E-482B-9E23-0E85A3050655}.Release|Any CPU.Build.0 = Release|Any CPU
	EndGlobalSection
	GlobalSection(SolutionProperties) = preSolution
		HideSolutionNode = FALSE
	EndGlobalSection
	GlobalSection(ExtensibilityGlobals) = postSolution
		SolutionGuid = {A4C3D630-9C15-4BD9-882C-5987802E4706}
	EndGlobalSection
EndGlobal
